
Microsoft Visual Studio Solution File, Format Version 12.00
# Visual Studio 15
VisualStudioVersion = 15.0.28307.136
MinimumVisualStudioVersion = 10.0.40219.1
Project("{FAE04EC0-301F-11D3-BF4B-00C04F79EFBC}") = "FunctionAppForLogTest", "FunctionAppForLogTest\FunctionAppForLogTest.csproj", "{1B3F7AFE-244F-44BE-8E06-6873A8E3718A}"
EndProject
Global
	GlobalSection(SolutionConfigurationPlatforms) = preSolution
		Debug|Any CPU = Debug|Any CPU
		Release|Any CPU = Release|Any CPU
	EndGlobalSection
	GlobalSection(ProjectConfigurationPlatforms) = postSolution
		{1B3F7AFE-244F-44BE-8E06-6873A8E3718A}.Debug|Any CPU.ActiveCfg = Debug|Any CPU
		{1B3F7AFE-244F-44BE-8E06-6873A8E3718A}.Debug|Any CPU.Build.0 = Debug|Any CPU
		{1B3F7AFE-244F-44BE-8E06-6873A8E3718A}.Release|Any CPU.ActiveCfg = Release|Any CPU
		{1B3F7AFE-244F-44BE-8E06-6873A8E3718A}.Release|Any CPU.Build.0 = Release|Any CPU
	EndGlobalSection
	GlobalSection(SolutionProperties) = preSolution
		HideSolutionNode = FALSE
	EndGlobalSection
	GlobalSection(ExtensibilityGlobals) = postSolution
		SolutionGuid = {1BBF22F5-530F-469A-824F-F3A12EE6D301}
	EndGlobalSection
EndGlobal
